
Microsoft Visual Studio Solution File, Format Version 12.00
# Visual Studio Version 17
VisualStudioVersion = 17.3.32901.215
MinimumVisualStudioVersion = 10.0.40219.1
Project("{9A19103F-16F7-4668-BE54-9A1E7A4F7556}") = "SmartBar", "SmartBar\SmartBar.csproj", "{20F5D50F-C044-41F9-9F76-776C8F6C4E70}"
EndProject
Project("{FAE04EC0-301F-11D3-BF4B-00C04F79EFBC}") = "Domain", "Domain\Domain.csproj", "{B2F6E3EF-A93F-414C-8914-533829295625}"
EndProject
Project("{FAE04EC0-301F-11D3-BF4B-00C04F79EFBC}") = "Repo", "Repo\Repo.csproj", "{802EBC59-5990-4CFB-82BC-B13687971AEF}"
EndProject
Project("{FAE04EC0-301F-11D3-BF4B-00C04F79EFBC}") = "Persistence", "Persistence\Persistence.csproj", "{46F0C1FB-73FC-4FA8-A6E7-5C35E6EDEB85}"
EndProject
Global
	GlobalSection(SolutionConfigurationPlatforms) = preSolution
		Debug|Any CPU = Debug|Any CPU
		Release|Any CPU = Release|Any CPU
	EndGlobalSection
	GlobalSection(ProjectConfigurationPlatforms) = postSolution
		{20F5D50F-C044-41F9-9F76-776C8F6C4E70}.Debug|Any CPU.ActiveCfg = Debug|Any CPU
		{20F5D50F-C044-41F9-9F76-776C8F6C4E70}.Debug|Any CPU.Build.0 = Debug|Any CPU
		{20F5D50F-C044-41F9-9F76-776C8F6C4E70}.Release|Any CPU.ActiveCfg = Release|Any CPU
		{20F5D50F-C044-41F9-9F76-776C8F6C4E70}.Release|Any CPU.Build.0 = Release|Any CPU
		{B2F6E3EF-A93F-414C-8914-533829295625}.Debug|Any CPU.ActiveCfg = Debug|Any CPU
		{B2F6E3EF-A93F-414C-8914-533829295625}.Debug|Any CPU.Build.0 = Debug|Any CPU
		{B2F6E3EF-A93F-414C-8914-533829295625}.Release|Any CPU.ActiveCfg = Release|Any CPU
		{B2F6E3EF-A93F-414C-8914-533829295625}.Release|Any CPU.Build.0 = Release|Any CPU
		{802EBC59-5990-4CFB-82BC-B13687971AEF}.Debug|Any CPU.ActiveCfg = Debug|Any CPU
		{802EBC59-5990-4CFB-82BC-B13687971AEF}.Debug|Any CPU.Build.0 = Debug|Any CPU
		{802EBC59-5990-4CFB-82BC-B13687971AEF}.Release|Any CPU.ActiveCfg = Release|Any CPU
		{802EBC59-5990-4CFB-82BC-B13687971AEF}.Release|Any CPU.Build.0 = Release|Any CPU
		{46F0C1FB-73FC-4FA8-A6E7-5C35E6EDEB85}.Debug|Any CPU.ActiveCfg = Debug|Any CPU
		{46F0C1FB-73FC-4FA8-A6E7-5C35E6EDEB85}.Debug|Any CPU.Build.0 = Debug|Any CPU
		{46F0C1FB-73FC-4FA8-A6E7-5C35E6EDEB85}.Release|Any CPU.ActiveCfg = Release|Any CPU
		{46F0C1FB-73FC-4FA8-A6E7-5C35E6EDEB85}.Release|Any CPU.Build.0 = Release|Any CPU
	EndGlobalSection
	GlobalSection(SolutionProperties) = preSolution
		HideSolutionNode = FALSE
	EndGlobalSection
	GlobalSection(ExtensibilityGlobals) = postSolution
		SolutionGuid = {7CAFF155-9BBD-40CB-B330-1D58FAD2DA3B}
	EndGlobalSection
EndGlobal
